
Microsoft Visual Studio Solution File, Format Version 12.00
# Visual Studio Version 16
VisualStudioVersion = 16.0.31019.35
MinimumVisualStudioVersion = 10.0.40219.1
Project("{FAE04EC0-301F-11D3-BF4B-00C04F79EFBC}") = "QuickSortWindowsForms-App", "QuickSortWindowsForms-App\QuickSortWindowsForms-App.csproj", "{7BFEE8AF-57F3-4F32-9DE5-0886BECFB524}"
EndProject
Global
	GlobalSection(SolutionConfigurationPlatforms) = preSolution
		Debug|Any CPU = Debug|Any CPU
		Release|Any CPU = Release|Any CPU
	EndGlobalSection
	GlobalSection(ProjectConfigurationPlatforms) = postSolution
		{7BFEE8AF-57F3-4F32-9DE5-0886BECFB524}.Debug|Any CPU.ActiveCfg = Debug|Any CPU
		{7BFEE8AF-57F3-4F32-9DE5-0886BECFB524}.Debug|Any CPU.Build.0 = Debug|Any CPU
		{7BFEE8AF-57F3-4F32-9DE5-0886BECFB524}.Release|Any CPU.ActiveCfg = Release|Any CPU
		{7BFEE8AF-57F3-4F32-9DE5-0886BECFB524}.Release|Any CPU.Build.0 = Release|Any CPU
	EndGlobalSection
	GlobalSection(SolutionProperties) = preSolution
		HideSolutionNode = FALSE
	EndGlobalSection
	GlobalSection(ExtensibilityGlobals) = postSolution
		SolutionGuid = {74329EE6-5F49-4987-BE1B-74B01671329C}
	EndGlobalSection
EndGlobal
